// !$*UTF8*$!
{
	archiveVersion = 1;
	classes = {
	};
	objectVersion = 46;
	objects = {

/* Begin PBXBuildFile section */
		300257881B831AC900785EEC /* AppDelegate.swift in Sources */ = {isa = PBXBuildFile; fileRef = 300257871B831AC900785EEC /* AppDelegate.swift */; };
		3002578A1B831AC900785EEC /* ViewController.swift in Sources */ = {isa = PBXBuildFile; fileRef = 300257891B831AC900785EEC /* ViewController.swift */; };
		3002578D1B831AC900785EEC /* Main.storyboard in Resources */ = {isa = PBXBuildFile; fileRef = 3002578B1B831AC900785EEC /* Main.storyboard */; };
		3002578F1B831AC900785EEC /* Images.xcassets in Resources */ = {isa = PBXBuildFile; fileRef = 3002578E1B831AC900785EEC /* Images.xcassets */; };
		300257921B831AC900785EEC /* LaunchScreen.xib in Resources */ = {isa = PBXBuildFile; fileRef = 300257901B831AC900785EEC /* LaunchScreen.xib */; };
		3002579E1B831AC900785EEC /* ZXLLineViewDemoTests.swift in Sources */ = {isa = PBXBuildFile; fileRef = 3002579D1B831AC900785EEC /* ZXLLineViewDemoTests.swift */; };
		300257A91B831AF700785EEC /* ZXLLineView.swift in Sources */ = {isa = PBXBuildFile; fileRef = 300257A81B831AF700785EEC /* ZXLLineView.swift */; };
/* End PBXBuildFile section */

/* Begin PBXContainerItemProxy section */
		300257981B831AC900785EEC /* PBXContainerItemProxy */ = {
			isa = PBXContainerItemProxy;
			containerPortal = 3002577A1B831AC900785EEC /* Project object */;
			proxyType = 1;
			remoteGlobalIDString = 300257811B831AC900785EEC;
			remoteInfo = ZXLLineViewDemo;
		};
/* End PBXContainerItemProxy section */

/* Begin PBXFileReference section */
		300257821B831AC900785EEC /* ZXLLineViewDemo.app */ = {isa = PBXFileReference; explicitFileType = wrapper.application; includeInIndex = 0; path = ZXLLineViewDemo.app; sourceTree = BUILT_PRODUCTS_DIR; };
		300257861B831AC900785EEC /* Info.plist */ = {isa = PBXFileReference; lastKnownFileType = text.plist.xml; path = Info.plist; sourceTree = "<group>"; };
		300257871B831AC900785EEC /* AppDelegate.swift */ = {isa = PBXFileReference; lastKnownFileType = sourcecode.swift; path = AppDelegate.swift; sourceTree = "<group>"; };
		300257891B831AC900785EEC /* ViewController.swift */ = {isa = PBXFileReference; lastKnownFileType = sourcecode.swift; path = ViewController.swift; sourceTree = "<group>"; };
		3002578C1B831AC900785EEC /* Base */ = {isa = PBXFileReference; lastKnownFileType = file.storyboard; name = Base; path = Base.lproj/Main.storyboard; sourceTree = "<group>"; };
		3002578E1B831AC900785EEC /* Images.xcassets */ = {isa = PBXFileReference; lastKnownFileType = folder.assetcatalog; path = Images.xcassets; sourceTree = "<group>"; };
		300257911B831AC900785EEC /* Base */ = {isa = PBXFileReference; lastKnownFileType = file.xib; name = Base; path = Base.lproj/LaunchScreen.xib; sourceTree = "<group>"; };
		300257971B831AC900785EEC /* ZXLLineViewDemoTests.xctest */ = {isa = PBXFileReference; explicitFileType = wrapper.cfbundle; includeInIndex = 0; path = ZXLLineViewDemoTests.xctest; sourceTree = BUILT_PRODUCTS_DIR; };
		3002579C1B831AC900785EEC /* Info.plist */ = {isa = PBXFileReference; lastKnownFileType = text.plist.xml; path = Info.plist; sourceTree = "<group>"; };
		3002579D1B831AC900785EEC /* ZXLLineViewDemoTests.swift */ = {isa = PBXFileReference; lastKnownFileType = sourcecode.swift; path = ZXLLineViewDemoTests.swift; sourceTree = "<group>"; };
		300257A81B831AF700785EEC /* ZXLLineView.swift */ = {isa = PBXFileReference; fileEncoding = 4; lastKnownFileType = sourcecode.swift; path = ZXLLineView.swift; sourceTree = "<group>"; };
/* End PBXFileReference section */

/* Begin PBXFrameworksBuildPhase section */
		3002577F1B831AC900785EEC /* Frameworks */ = {
			isa = PBXFrameworksBuildPhase;
			buildActionMask = 2147483647;
			files = (
			);
			runOnlyForDeploymentPostprocessing = 0;
		};
		300257941B831AC900785EEC /* Frameworks */ = {
			isa = PBXFrameworksBuildPhase;
			buildActionMask = 2147483647;
			files = (
			);
			runOnlyForDeploymentPostprocessing = 0;
		};
/* End PBXFrameworksBuildPhase section */

/* Begin PBXGroup section */
		300257791B831AC900785EEC = {
			isa = PBXGroup;
			children = (
				300257841B831AC900785EEC /* ZXLLineViewDemo */,
				3002579A1B831AC900785EEC /* ZXLLineViewDemoTests */,
				300257831B831AC900785EEC /* Products */,
			);
			sourceTree = "<group>";
		};
		300257831B831AC900785EEC /* Products */ = {
			isa = PBXGroup;
			children = (
				300257821B831AC900785EEC /* ZXLLineViewDemo.app */,
				300257971B831AC900785EEC /* ZXLLineViewDemoTests.xctest */,
			);
			name = Products;
			sourceTree = "<group>";
		};
		300257841B831AC900785EEC /* ZXLLineViewDemo */ = {
			isa = PBXGroup;
			children = (
				300257A71B831AD600785EEC /* ZXLLineView */,
				300257871B831AC900785EEC /* AppDelegate.swift */,
				300257891B831AC900785EEC /* ViewController.swift */,
				3002578B1B831AC900785EEC /* Main.storyboard */,
				3002578E1B831AC900785EEC /* Images.xcassets */,
				300257901B831AC900785EEC /* LaunchScreen.xib */,
				300257851B831AC900785EEC /* Supporting Files */,
			);
			path = ZXLLineViewDemo;
			sourceTree = "<group>";
		};
		300257851B831AC900785EEC /* Supporting Files */ = {
			isa = PBXGroup;
			children = (
				300257861B831AC900785EEC /* Info.plist */,
			);
			name = "Supporting Files";
			sourceTree = "<group>";
		};
		3002579A1B831AC900785EEC /* ZXLLineViewDemoTests */ = {
			isa = PBXGroup;
			children = (
				3002579D1B831AC900785EEC /* ZXLLineViewDemoTests.swift */,
				3002579B1B831AC900785EEC /* Supporting Files */,
			);
			path = ZXLLineViewDemoTests;
			sourceTree = "<group>";
		};
		3002579B1B831AC900785EEC /* Supporting Files */ = {
			isa = PBXGroup;
			children = (
				3002579C1B831AC900785EEC /* Info.plist */,
			);
			name = "Supporting Files";
			sourceTree = "<group>";
		};
		300257A71B831AD600785EEC /* ZXLLineView */ = {
			isa = PBXGroup;
			children = (
				300257A81B831AF700785EEC /* ZXLLineView.swift */,
			);
			name = ZXLLineView;
			sourceTree = "<group>";
		};
/* End PBXGroup section */

/* Begin PBXNativeTarget section */
		300257811B831AC900785EEC /* ZXLLineViewDemo */ = {
			isa = PBXNativeTarget;
			buildConfigurationList = 300257A11B831AC900785EEC /* Build configuration list for PBXNativeTarget "ZXLLineViewDemo" */;
			buildPhases = (
				3002577E1B831AC900785EEC /* Sources */,
				3002577F1B831AC900785EEC /* Frameworks */,
				300257801B831AC900785EEC /* Resources */,
			);
			buildRules = (
			);
			dependencies = (
			);
			name = ZXLLineViewDemo;
			productName = ZXLLineViewDemo;
			productReference = 300257821B831AC900785EEC /* ZXLLineViewDemo.app */;
			productType = "com.apple.product-type.application";
		};
		300257961B831AC900785EEC /* ZXLLineViewDemoTests */ = {
			isa = PBXNativeTarget;
			buildConfigurationList = 300257A41B831AC900785EEC /* Build configuration list for PBXNativeTarget "ZXLLineViewDemoTests" */;
			buildPhases = (
				300257931B831AC900785EEC /* Sources */,
				300257941B831AC900785EEC /* Frameworks */,
				300257951B831AC900785EEC /* Resources */,
			);
			buildRules = (
			);
			dependencies = (
				300257991B831AC900785EEC /* PBXTargetDependency */,
			);
			name = ZXLLineViewDemoTests;
			productName = ZXLLineViewDemoTests;
			productReference = 300257971B831AC900785EEC /* ZXLLineViewDemoTests.xctest */;
			productType = "com.apple.product-type.bundle.unit-test";
		};
/* End PBXNativeTarget section */

/* Begin PBXProject section */
		3002577A1B831AC900785EEC /* Project object */ = {
			isa = PBXProject;
			attributes = {
				LastUpgradeCheck = 0640;
				ORGANIZATIONNAME = zhusven;
				TargetAttributes = {
					300257811B831AC900785EEC = {
						CreatedOnToolsVersion = 6.4;
					};
					300257961B831AC900785EEC = {
						CreatedOnToolsVersion = 6.4;
						TestTargetID = 300257811B831AC900785EEC;
					};
				};
			};
			buildConfigurationList = 3002577D1B831AC900785EEC /* Build configuration list for PBXProject "ZXLLineViewDemo" */;
			compatibilityVersion = "Xcode 3.2";
			developmentRegion = English;
			hasScannedForEncodings = 0;
			knownRegions = (
				en,
				Base,
			);
			mainGroup = 300257791B831AC900785EEC;
			productRefGroup = 300257831B831AC900785EEC /* Products */;
			projectDirPath = "";
			projectRoot = "";
			targets = (
				300257811B831AC900785EEC /* ZXLLineViewDemo */,
				300257961B831AC900785EEC /* ZXLLineViewDemoTests */,
			);
		};
/* End PBXProject section */

/* Begin PBXResourcesBuildPhase section */
		300257801B831AC900785EEC /* Resources */ = {
			isa = PBXResourcesBuildPhase;
			buildActionMask = 2147483647;
			files = (
				3002578D1B831AC900785EEC /* Main.storyboard in Resources */,
				300257921B831AC900785EEC /* LaunchScreen.xib in Resources */,
				3002578F1B831AC900785EEC /* Images.xcassets in Resources */,
			);
			runOnlyForDeploymentPostprocessing = 0;
		};
		300257951B831AC900785EEC /* Resources */ = {
			isa = PBXResourcesBuildPhase;
			buildActionMask = 2147483647;
			files = (
			);
			runOnlyForDeploymentPostprocessing = 0;
		};
/* End PBXResourcesBuildPhase section */

/* Begin PBXSourcesBuildPhase section */
		3002577E1B831AC900785EEC /* Sources */ = {
			isa = PBXSourcesBuildPhase;
			buildActionMask = 2147483647;
			files = (
				300257A91B831AF700785EEC /* ZXLLineView.swift in Sources */,
				3002578A1B831AC900785EEC /* ViewController.swift in Sources */,
				300257881B831AC900785EEC /* AppDelegate.swift in Sources */,
			);
			runOnlyForDeploymentPostprocessing = 0;
		};
		300257931B831AC900785EEC /* Sources */ = {
			isa = PBXSourcesBuildPhase;
			buildActionMask = 2147483647;
			files = (
				3002579E1B831AC900785EEC /* ZXLLineViewDemoTests.swift in Sources */,
			);
			runOnlyForDeploymentPostprocessing = 0;
		};
/* End PBXSourcesBuildPhase section */

/* Begin PBXTargetDependency section */
		300257991B831AC900785EEC /* PBXTargetDependency */ = {
			isa = PBXTargetDependency;
			target = 300257811B831AC900785EEC /* ZXLLineViewDemo */;
			targetProxy = 300257981B831AC900785EEC /* PBXContainerItemProxy */;
		};
/* End PBXTargetDependency section */

/* Begin PBXVariantGroup section */
		3002578B1B831AC900785EEC /* Main.storyboard */ = {
			isa = PBXVariantGroup;
			children = (
				3002578C1B831AC900785EEC /* Base */,
			);
			name = Main.storyboard;
			sourceTree = "<group>";
		};
		300257901B831AC900785EEC /* LaunchScreen.xib */ = {
			isa = PBXVariantGroup;
			children = (
				300257911B831AC900785EEC /* Base */,
			);
			name = LaunchScreen.xib;
			sourceTree = "<group>";
		};
/* End PBXVariantGroup section */

/* Begin XCBuildConfiguration section */
		3002579F1B831AC900785EEC /* Debug */ = {
			isa = XCBuildConfiguration;
			buildSettings = {
				ALWAYS_SEARCH_USER_PATHS = NO;
				CLANG_CXX_LANGUAGE_STANDARD = "gnu++0x";
				CLANG_CXX_LIBRARY = "libc++";
				CLANG_ENABLE_MODULES = YES;
				CLANG_ENABLE_OBJC_ARC = YES;
				CLANG_WARN_BOOL_CONVERSION = YES;
				CLANG_WARN_CONSTANT_CONVERSION = YES;
				CLANG_WARN_DIRECT_OBJC_ISA_USAGE = YES_ERROR;
				CLANG_WARN_EMPTY_BODY = YES;
				CLANG_WARN_ENUM_CONVERSION = YES;
				CLANG_WARN_INT_CONVERSION = YES;
				CLANG_WARN_OBJC_ROOT_CLASS = YES_ERROR;
				CLANG_WARN_UNREACHABLE_CODE = YES;
				CLANG_WARN__DUPLICATE_METHOD_MATCH = YES;
				"CODE_SIGN_IDENTITY[sdk=iphoneos*]" = "iPhone Developer";
				COPY_PHASE_STRIP = NO;
				DEBUG_INFORMATION_FORMAT = "dwarf-with-dsym";
				ENABLE_STRICT_OBJC_MSGSEND = YES;
				GCC_C_LANGUAGE_STANDARD = gnu99;
				GCC_DYNAMIC_NO_PIC = NO;
				GCC_NO_COMMON_BLOCKS = YES;
				GCC_OPTIMIZATION_LEVEL = 0;
				GCC_PREPROCESSOR_DEFINITIONS = (
					"DEBUG=1",
					"$(inherited)",
				);
				GCC_SYMBOLS_PRIVATE_EXTERN = NO;
				GCC_WARN_64_TO_32_BIT_CONVERSION = YES;
				GCC_WARN_ABOUT_RETURN_TYPE = YES_ERROR;
				GCC_WARN_UNDECLARED_SELECTOR = YES;
				GCC_WARN_UNINITIALIZED_AUTOS = YES_AGGRESSIVE;
				GCC_WARN_UNUSED_FUNCTION = YES;
				GCC_WARN_UNUSED_VARIABLE = YES;
				IPHONEOS_DEPLOYMENT_TARGET = 8.4;
				MTL_ENABLE_DEBUG_INFO = YES;
				ONLY_ACTIVE_ARCH = YES;
				SDKROOT = iphoneos;
				SWIFT_OPTIMIZATION_LEVEL = "-Onone";
				TARGETED_DEVICE_FAMILY = "1,2";
			};
			name = Debug;
		};
		300257A01B831AC900785EEC /* Release */ = {
			isa = XCBuildConfiguration;
			buildSettings = {
				ALWAYS_SEARCH_USER_PATHS = NO;
				CLANG_CXX_LANGUAGE_STANDARD = "gnu++0x";
				CLANG_CXX_LIBRARY = "libc++";
				CLANG_ENABLE_MODULES = YES;
				CLANG_ENABLE_OBJC_ARC = YES;
				CLANG_WARN_BOOL_CONVERSION = YES;
				CLANG_WARN_CONSTANT_CONVERSION = YES;
				CLANG_WARN_DIRECT_OBJC_ISA_USAGE = YES_ERROR;
				CLANG_WARN_EMPTY_BODY = YES;
				CLANG_WARN_ENUM_CONVERSION = YES;
				CLANG_WARN_INT_CONVERSION = YES;
				CLANG_WARN_OBJC_ROOT_CLASS = YES_ERROR;
				CLANG_WARN_UNREACHABLE_CODE = YES;
				CLANG_WARN__DUPLICATE_METHOD_MATCH = YES;
				"CODE_SIGN_IDENTITY[sdk=iphoneos*]" = "iPhone Developer";
				COPY_PHASE_STRIP = NO;
				DEBUG_INFORMATION_FORMAT = "dwarf-with-dsym";
				ENABLE_NS_ASSERTIONS = NO;
				ENABLE_STRICT_OBJC_MSGSEND = YES;
				GCC_C_LANGUAGE_STANDARD = gnu99;
				GCC_NO_COMMON_BLOCKS = YES;
				GCC_WARN_64_TO_32_BIT_CONVERSION = YES;
				GCC_WARN_ABOUT_RETURN_TYPE = YES_ERROR;
				GCC_WARN_UNDECLARED_SELECTOR = YES;
				GCC_WARN_UNINITIALIZED_AUTOS = YES_AGGRESSIVE;
				GCC_WARN_UNUSED_FUNCTION = YES;
				GCC_WARN_UNUSED_VARIABLE = YES;
				IPHONEOS_DEPLOYMENT_TARGET = 8.4;
				MTL_ENABLE_DEBUG_INFO = NO;
				SDKROOT = iphoneos;
				TARGETED_DEVICE_FAMILY = "1,2";
				VALIDATE_PRODUCT = YES;
			};
			name = Release;
		};
		300257A21B831AC900785EEC /* Debug */ = {
			isa = XCBuildConfiguration;
			buildSettings = {
				ASSETCATALOG_COMPILER_APPICON_NAME = AppIcon;
				INFOPLIST_FILE = ZXLLineViewDemo/Info.plist;
				LD_RUNPATH_SEARCH_PATHS = "$(inherited) @executable_path/Frameworks";
				PRODUCT_NAME = "$(TARGET_NAME)";
			};
			name = Debug;
		};
		300257A31B831AC900785EEC /* Release */ = {
			isa = XCBuildConfiguration;
			buildSettings = {
				ASSETCATALOG_COMPILER_APPICON_NAME = AppIcon;
				INFOPLIST_FILE = ZXLLineViewDemo/Info.plist;
				LD_RUNPATH_SEARCH_PATHS = "$(inherited) @executable_path/Frameworks";
				PRODUCT_NAME = "$(TARGET_NAME)";
			};
			name = Release;
		};
		300257A51B831AC900785EEC /* Debug */ = {
			isa = XCBuildConfiguration;
			buildSettings = {
				BUNDLE_LOADER = "$(TEST_HOST)";
				FRAMEWORK_SEARCH_PATHS = (
					"$(SDKROOT)/Developer/Library/Frameworks",
					"$(inherited)",
				);
				GCC_PREPROCESSOR_DEFINITIONS = (
					"DEBUG=1",
					"$(inherited)",
				);
				INFOPLIST_FILE = ZXLLineViewDemoTests/Info.plist;
				LD_RUNPATH_SEARCH_PATHS = "$(inherited) @executable_path/Frameworks @loader_path/Frameworks";
				PRODUCT_NAME = "$(TARGET_NAME)";
				TEST_HOST = "$(BUILT_PRODUCTS_DIR)/ZXLLineViewDemo.app/ZXLLineViewDemo";
			};
			name = Debug;
		};
		300257A61B831AC900785EEC /* Release */ = {
			isa = XCBuildConfiguration;
			buildSettings = {
				BUNDLE_LOADER = "$(TEST_HOST)";
				FRAMEWORK_SEARCH_PATHS = (
					"$(SDKROOT)/Developer/Library/Frameworks",
					"$(inherited)",
				);
				INFOPLIST_FILE = ZXLLineViewDemoTests/Info.plist;
				LD_RUNPATH_SEARCH_PATHS = "$(inherited) @executable_path/Frameworks @loader_path/Frameworks";
				PRODUCT_NAME = "$(TARGET_NAME)";
				TEST_HOST = "$(BUILT_PRODUCTS_DIR)/ZXLLineViewDemo.app/ZXLLineViewDemo";
			};
			name = Release;
		};
/* End XCBuildConfiguration section */

/* Begin XCConfigurationList section */
		3002577D1B831AC900785EEC /* Build configuration list for PBXProject "ZXLLineViewDemo" */ = {
			isa = XCConfigurationList;
			buildConfigurations = (
				3002579F1B831AC900785EEC /* Debug */,
				300257A01B831AC900785EEC /* Release */,
			);
			defaultConfigurationIsVisible = 0;
			defaultConfigurationName = Release;
		};
		300257A11B831AC900785EEC /* Build configuration list for PBXNativeTarget "ZXLLineViewDemo" */ = {
			isa = XCConfigurationList;
			buildConfigurations = (
				300257A21B831AC900785EEC /* Debug */,
				300257A31B831AC900785EEC /* Release */,
			);
			defaultConfigurationIsVisible = 0;
		};
		300257A41B831AC900785EEC /* Build configuration list for PBXNativeTarget "ZXLLineViewDemoTests" */ = {
			isa = XCConfigurationList;
			buildConfigurations = (
				300257A51B831AC900785EEC /* Debug */,
				300257A61B831AC900785EEC /* Release */,
			);
			defaultConfigurationIsVisible = 0;
		};
/* End XCConfigurationList section */
	};
	rootObject = 3002577A1B831AC900785EEC /* Project object */;
}
